
Microsoft Visual Studio Solution File, Format Version 12.00
# Visual Studio Version 17
VisualStudioVersion = 17.4.33122.133
MinimumVisualStudioVersion = 10.0.40219.1
Project("{FAE04EC0-301F-11D3-BF4B-00C04F79EFBC}") = "projeto1", "projeto1\projeto1.csproj", "{CDFADF7A-CEE1-4F3E-AD88-1B6844A29247}"
EndProject
Global
	GlobalSection(SolutionConfigurationPlatforms) = preSolution
		Debug|Any CPU = Debug|Any CPU
		Release|Any CPU = Release|Any CPU
	EndGlobalSection
	GlobalSection(ProjectConfigurationPlatforms) = postSolution
		{CDFADF7A-CEE1-4F3E-AD88-1B6844A29247}.Debug|Any CPU.ActiveCfg = Debug|Any CPU
		{CDFADF7A-CEE1-4F3E-AD88-1B6844A29247}.Debug|Any CPU.Build.0 = Debug|Any CPU
		{CDFADF7A-CEE1-4F3E-AD88-1B6844A29247}.Release|Any CPU.ActiveCfg = Release|Any CPU
		{CDFADF7A-CEE1-4F3E-AD88-1B6844A29247}.Release|Any CPU.Build.0 = Release|Any CPU
	EndGlobalSection
	GlobalSection(SolutionProperties) = preSolution
		HideSolutionNode = FALSE
	EndGlobalSection
	GlobalSection(ExtensibilityGlobals) = postSolution
		SolutionGuid = {A388F87D-FC16-4DE4-97A7-F9419D770AE0}
	EndGlobalSection
EndGlobal
